// !$*UTF8*$!
{
	archiveVersion = 1;
	classes = {
	};
	objectVersion = 48;
	objects = {

/* Begin PBXBuildFile section */
		D6F6CCDFCF2E06EA125B012E /* Pods_Tindro.framework in Frameworks */ = {isa = PBXBuildFile; fileRef = 7C32957E9B9348BEABB81FCE /* Pods_Tindro.framework */; };
		FD4430AF1F81E1A500231B59 /* AppDelegate.swift in Sources */ = {isa = PBXBuildFile; fileRef = FD4430AE1F81E1A500231B59 /* AppDelegate.swift */; };
		FD4430B11F81E1A500231B59 /* ViewController.swift in Sources */ = {isa = PBXBuildFile; fileRef = FD4430B01F81E1A500231B59 /* ViewController.swift */; };
		FD4430B41F81E1A500231B59 /* Main.storyboard in Resources */ = {isa = PBXBuildFile; fileRef = FD4430B21F81E1A500231B59 /* Main.storyboard */; };
		FD4430B71F81E1A500231B59 /* Tindro.xcdatamodeld in Sources */ = {isa = PBXBuildFile; fileRef = FD4430B51F81E1A500231B59 /* Tindro.xcdatamodeld */; };
		FD4430B91F81E1A500231B59 /* Assets.xcassets in Resources */ = {isa = PBXBuildFile; fileRef = FD4430B81F81E1A500231B59 /* Assets.xcassets */; };
		FD4430BC1F81E1A500231B59 /* LaunchScreen.storyboard in Resources */ = {isa = PBXBuildFile; fileRef = FD4430BA1F81E1A500231B59 /* LaunchScreen.storyboard */; };
		FD4430C51F81E7DE00231B59 /* Auth.storyboard in Resources */ = {isa = PBXBuildFile; fileRef = FD4430C41F81E7DE00231B59 /* Auth.storyboard */; };
		FD4430C71F81E82E00231B59 /* LoginViewController.swift in Sources */ = {isa = PBXBuildFile; fileRef = FD4430C61F81E82E00231B59 /* LoginViewController.swift */; };
		FD4430C91F81E84200231B59 /* LogoutViewController.swift in Sources */ = {isa = PBXBuildFile; fileRef = FD4430C81F81E84200231B59 /* LogoutViewController.swift */; };
/* End PBXBuildFile section */

/* Begin PBXFileReference section */
		7C32957E9B9348BEABB81FCE /* Pods_Tindro.framework */ = {isa = PBXFileReference; explicitFileType = wrapper.framework; includeInIndex = 0; path = Pods_Tindro.framework; sourceTree = BUILT_PRODUCTS_DIR; };
		91039EBA7228A329DCA2074F /* Pods-Tindro.release.xcconfig */ = {isa = PBXFileReference; includeInIndex = 1; lastKnownFileType = text.xcconfig; name = "Pods-Tindro.release.xcconfig"; path = "Pods/Target Support Files/Pods-Tindro/Pods-Tindro.release.xcconfig"; sourceTree = "<group>"; };
		EA52B5462D9BDF293635A394 /* Pods-Tindro.debug.xcconfig */ = {isa = PBXFileReference; includeInIndex = 1; lastKnownFileType = text.xcconfig; name = "Pods-Tindro.debug.xcconfig"; path = "Pods/Target Support Files/Pods-Tindro/Pods-Tindro.debug.xcconfig"; sourceTree = "<group>"; };
		FD4430AB1F81E1A500231B59 /* Tindro.app */ = {isa = PBXFileReference; explicitFileType = wrapper.application; includeInIndex = 0; path = Tindro.app; sourceTree = BUILT_PRODUCTS_DIR; };
		FD4430AE1F81E1A500231B59 /* AppDelegate.swift */ = {isa = PBXFileReference; lastKnownFileType = sourcecode.swift; path = AppDelegate.swift; sourceTree = "<group>"; };
		FD4430B01F81E1A500231B59 /* ViewController.swift */ = {isa = PBXFileReference; lastKnownFileType = sourcecode.swift; path = ViewController.swift; sourceTree = "<group>"; };
		FD4430B31F81E1A500231B59 /* Base */ = {isa = PBXFileReference; lastKnownFileType = file.storyboard; name = Base; path = Base.lproj/Main.storyboard; sourceTree = "<group>"; };
		FD4430B61F81E1A500231B59 /* Tindro.xcdatamodel */ = {isa = PBXFileReference; lastKnownFileType = wrapper.xcdatamodel; path = Tindro.xcdatamodel; sourceTree = "<group>"; };
		FD4430B81F81E1A500231B59 /* Assets.xcassets */ = {isa = PBXFileReference; lastKnownFileType = folder.assetcatalog; path = Assets.xcassets; sourceTree = "<group>"; };
		FD4430BB1F81E1A500231B59 /* Base */ = {isa = PBXFileReference; lastKnownFileType = file.storyboard; name = Base; path = Base.lproj/LaunchScreen.storyboard; sourceTree = "<group>"; };
		FD4430BD1F81E1A500231B59 /* Info.plist */ = {isa = PBXFileReference; lastKnownFileType = text.plist.xml; path = Info.plist; sourceTree = "<group>"; };
		FD4430C31F81E37F00231B59 /* GoogleService-Info.plist */ = {isa = PBXFileReference; lastKnownFileType = text.plist.xml; path = "GoogleService-Info.plist"; sourceTree = "<group>"; };
		FD4430C41F81E7DE00231B59 /* Auth.storyboard */ = {isa = PBXFileReference; lastKnownFileType = file.storyboard; path = Auth.storyboard; sourceTree = "<group>"; };
		FD4430C61F81E82E00231B59 /* LoginViewController.swift */ = {isa = PBXFileReference; lastKnownFileType = sourcecode.swift; path = LoginViewController.swift; sourceTree = "<group>"; };
		FD4430C81F81E84200231B59 /* LogoutViewController.swift */ = {isa = PBXFileReference; lastKnownFileType = sourcecode.swift; path = LogoutViewController.swift; sourceTree = "<group>"; };
/* End PBXFileReference section */

/* Begin PBXFrameworksBuildPhase section */
		FD4430A81F81E1A500231B59 /* Frameworks */ = {
			isa = PBXFrameworksBuildPhase;
			buildActionMask = 2147483647;
			files = (
				D6F6CCDFCF2E06EA125B012E /* Pods_Tindro.framework in Frameworks */,
			);
			runOnlyForDeploymentPostprocessing = 0;
		};
/* End PBXFrameworksBuildPhase section */

/* Begin PBXGroup section */
		3B50E22282E70B9A0B18FD36 /* Pods */ = {
			isa = PBXGroup;
			children = (
				EA52B5462D9BDF293635A394 /* Pods-Tindro.debug.xcconfig */,
				91039EBA7228A329DCA2074F /* Pods-Tindro.release.xcconfig */,
			);
			name = Pods;
			sourceTree = "<group>";
		};
		A9815C13AFE19117193C35BB /* Frameworks */ = {
			isa = PBXGroup;
			children = (
				7C32957E9B9348BEABB81FCE /* Pods_Tindro.framework */,
			);
			name = Frameworks;
			sourceTree = "<group>";
		};
		FD4430A21F81E1A500231B59 = {
			isa = PBXGroup;
			children = (
				FD4430AD1F81E1A500231B59 /* Tindro */,
				FD4430AC1F81E1A500231B59 /* Products */,
				3B50E22282E70B9A0B18FD36 /* Pods */,
				A9815C13AFE19117193C35BB /* Frameworks */,
			);
			sourceTree = "<group>";
		};
		FD4430AC1F81E1A500231B59 /* Products */ = {
			isa = PBXGroup;
			children = (
				FD4430AB1F81E1A500231B59 /* Tindro.app */,
			);
			name = Products;
			sourceTree = "<group>";
		};
		FD4430AD1F81E1A500231B59 /* Tindro */ = {
			isa = PBXGroup;
			children = (
				FD4430AE1F81E1A500231B59 /* AppDelegate.swift */,
				FD4430B01F81E1A500231B59 /* ViewController.swift */,
				FD4430B21F81E1A500231B59 /* Main.storyboard */,
				FD4430CA1F81E84C00231B59 /* Auth */,
				FD4430B81F81E1A500231B59 /* Assets.xcassets */,
				FD4430BA1F81E1A500231B59 /* LaunchScreen.storyboard */,
				FD4430BD1F81E1A500231B59 /* Info.plist */,
				FD4430C31F81E37F00231B59 /* GoogleService-Info.plist */,
				FD4430B51F81E1A500231B59 /* Tindro.xcdatamodeld */,
			);
			path = Tindro;
			sourceTree = "<group>";
		};
		FD4430CA1F81E84C00231B59 /* Auth */ = {
			isa = PBXGroup;
			children = (
				FD4430C61F81E82E00231B59 /* LoginViewController.swift */,
				FD4430C81F81E84200231B59 /* LogoutViewController.swift */,
				FD4430C41F81E7DE00231B59 /* Auth.storyboard */,
			);
			path = Auth;
			sourceTree = "<group>";
		};
/* End PBXGroup section */

/* Begin PBXNativeTarget section */
		FD4430AA1F81E1A500231B59 /* Tindro */ = {
			isa = PBXNativeTarget;
			buildConfigurationList = FD4430C01F81E1A500231B59 /* Build configuration list for PBXNativeTarget "Tindro" */;
			buildPhases = (
				69AA7C01D9FF2350DBCB7EEB /* [CP] Check Pods Manifest.lock */,
				FD4430A71F81E1A500231B59 /* Sources */,
				FD4430A81F81E1A500231B59 /* Frameworks */,
				FD4430A91F81E1A500231B59 /* Resources */,
				494C3CDB4B94F374885AB4A6 /* [CP] Embed Pods Frameworks */,
				7EA15C4EA328A2D56D85CA57 /* [CP] Copy Pods Resources */,
			);
			buildRules = (
			);
			dependencies = (
			);
			name = Tindro;
			productName = Tindro;
			productReference = FD4430AB1F81E1A500231B59 /* Tindro.app */;
			productType = "com.apple.product-type.application";
		};
/* End PBXNativeTarget section */

/* Begin PBXProject section */
		FD4430A31F81E1A500231B59 /* Project object */ = {
			isa = PBXProject;
			attributes = {
				LastSwiftUpdateCheck = 0900;
				LastUpgradeCheck = 0900;
				ORGANIZATIONNAME = "Salem Abdulla";
				TargetAttributes = {
					FD4430AA1F81E1A500231B59 = {
						CreatedOnToolsVersion = 9.0;
						ProvisioningStyle = Automatic;
					};
				};
			};
			buildConfigurationList = FD4430A61F81E1A500231B59 /* Build configuration list for PBXProject "Tindro" */;
			compatibilityVersion = "Xcode 8.0";
			developmentRegion = en;
			hasScannedForEncodings = 0;
			knownRegions = (
				en,
				Base,
			);
			mainGroup = FD4430A21F81E1A500231B59;
			productRefGroup = FD4430AC1F81E1A500231B59 /* Products */;
			projectDirPath = "";
			projectRoot = "";
			targets = (
				FD4430AA1F81E1A500231B59 /* Tindro */,
			);
		};
/* End PBXProject section */

/* Begin PBXResourcesBuildPhase section */
		FD4430A91F81E1A500231B59 /* Resources */ = {
			isa = PBXResourcesBuildPhase;
			buildActionMask = 2147483647;
			files = (
				FD4430C51F81E7DE00231B59 /* Auth.storyboard in Resources */,
				FD4430BC1F81E1A500231B59 /* LaunchScreen.storyboard in Resources */,
				FD4430B91F81E1A500231B59 /* Assets.xcassets in Resources */,
				FD4430B41F81E1A500231B59 /* Main.storyboard in Resources */,
			);
			runOnlyForDeploymentPostprocessing = 0;
		};
/* End PBXResourcesBuildPhase section */

/* Begin PBXShellScriptBuildPhase section */
		494C3CDB4B94F374885AB4A6 /* [CP] Embed Pods Frameworks */ = {
			isa = PBXShellScriptBuildPhase;
			buildActionMask = 2147483647;
			files = (
			);
			inputPaths = (
				"${SRCROOT}/Pods/Target Support Files/Pods-Tindro/Pods-Tindro-frameworks.sh",
				"${BUILT_PRODUCTS_DIR}/GTMSessionFetcher/GTMSessionFetcher.framework",
				"${BUILT_PRODUCTS_DIR}/GoogleToolboxForMac/GoogleToolboxForMac.framework",
				"${BUILT_PRODUCTS_DIR}/leveldb-library/leveldb.framework",
				"${BUILT_PRODUCTS_DIR}/nanopb/nanopb.framework",
			);
			name = "[CP] Embed Pods Frameworks";
			outputPaths = (
				"${TARGET_BUILD_DIR}/${FRAMEWORKS_FOLDER_PATH}/GTMSessionFetcher.framework",
				"${TARGET_BUILD_DIR}/${FRAMEWORKS_FOLDER_PATH}/GoogleToolboxForMac.framework",
				"${TARGET_BUILD_DIR}/${FRAMEWORKS_FOLDER_PATH}/leveldb.framework",
				"${TARGET_BUILD_DIR}/${FRAMEWORKS_FOLDER_PATH}/nanopb.framework",
			);
			runOnlyForDeploymentPostprocessing = 0;
			shellPath = /bin/sh;
			shellScript = "\"${SRCROOT}/Pods/Target Support Files/Pods-Tindro/Pods-Tindro-frameworks.sh\"\n";
			showEnvVarsInLog = 0;
		};
		69AA7C01D9FF2350DBCB7EEB /* [CP] Check Pods Manifest.lock */ = {
			isa = PBXShellScriptBuildPhase;
			buildActionMask = 2147483647;
			files = (
			);
			inputPaths = (
				"${PODS_PODFILE_DIR_PATH}/Podfile.lock",
				"${PODS_ROOT}/Manifest.lock",
			);
			name = "[CP] Check Pods Manifest.lock";
			outputPaths = (
				"$(DERIVED_FILE_DIR)/Pods-Tindro-checkManifestLockResult.txt",
			);
			runOnlyForDeploymentPostprocessing = 0;
			shellPath = /bin/sh;
			shellScript = "diff \"${PODS_PODFILE_DIR_PATH}/Podfile.lock\" \"${PODS_ROOT}/Manifest.lock\" > /dev/null\nif [ $? != 0 ] ; then\n    # print error to STDERR\n    echo \"error: The sandbox is not in sync with the Podfile.lock. Run 'pod install' or update your CocoaPods installation.\" >&2\n    exit 1\nfi\n# This output is used by Xcode 'outputs' to avoid re-running this script phase.\necho \"SUCCESS\" > \"${SCRIPT_OUTPUT_FILE_0}\"\n";
			showEnvVarsInLog = 0;
		};
		7EA15C4EA328A2D56D85CA57 /* [CP] Copy Pods Resources */ = {
			isa = PBXShellScriptBuildPhase;
			buildActionMask = 2147483647;
			files = (
			);
			inputPaths = (
			);
			name = "[CP] Copy Pods Resources";
			outputPaths = (
			);
			runOnlyForDeploymentPostprocessing = 0;
			shellPath = /bin/sh;
			shellScript = "\"${SRCROOT}/Pods/Target Support Files/Pods-Tindro/Pods-Tindro-resources.sh\"\n";
			showEnvVarsInLog = 0;
		};
/* End PBXShellScriptBuildPhase section */

/* Begin PBXSourcesBuildPhase section */
		FD4430A71F81E1A500231B59 /* Sources */ = {
			isa = PBXSourcesBuildPhase;
			buildActionMask = 2147483647;
			files = (
				FD4430C71F81E82E00231B59 /* LoginViewController.swift in Sources */,
				FD4430B11F81E1A500231B59 /* ViewController.swift in Sources */,
				FD4430B71F81E1A500231B59 /* Tindro.xcdatamodeld in Sources */,
				FD4430C91F81E84200231B59 /* LogoutViewController.swift in Sources */,
				FD4430AF1F81E1A500231B59 /* AppDelegate.swift in Sources */,
			);
			runOnlyForDeploymentPostprocessing = 0;
		};
/* End PBXSourcesBuildPhase section */

/* Begin PBXVariantGroup section */
		FD4430B21F81E1A500231B59 /* Main.storyboard */ = {
			isa = PBXVariantGroup;
			children = (
				FD4430B31F81E1A500231B59 /* Base */,
			);
			name = Main.storyboard;
			sourceTree = "<group>";
		};
		FD4430BA1F81E1A500231B59 /* LaunchScreen.storyboard */ = {
			isa = PBXVariantGroup;
			children = (
				FD4430BB1F81E1A500231B59 /* Base */,
			);
			name = LaunchScreen.storyboard;
			sourceTree = "<group>";
		};
/* End PBXVariantGroup section */

/* Begin XCBuildConfiguration section */
		FD4430BE1F81E1A500231B59 /* Debug */ = {
			isa = XCBuildConfiguration;
			buildSettings = {
				ALWAYS_SEARCH_USER_PATHS = NO;
				CLANG_ANALYZER_NONNULL = YES;
				CLANG_ANALYZER_NUMBER_OBJECT_CONVERSION = YES_AGGRESSIVE;
				CLANG_CXX_LANGUAGE_STANDARD = "gnu++14";
				CLANG_CXX_LIBRARY = "libc++";
				CLANG_ENABLE_MODULES = YES;
				CLANG_ENABLE_OBJC_ARC = YES;
				CLANG_WARN_BLOCK_CAPTURE_AUTORELEASING = YES;
				CLANG_WARN_BOOL_CONVERSION = YES;
				CLANG_WARN_COMMA = YES;
				CLANG_WARN_CONSTANT_CONVERSION = YES;
				CLANG_WARN_DIRECT_OBJC_ISA_USAGE = YES_ERROR;
				CLANG_WARN_DOCUMENTATION_COMMENTS = YES;
				CLANG_WARN_EMPTY_BODY = YES;
				CLANG_WARN_ENUM_CONVERSION = YES;
				CLANG_WARN_INFINITE_RECURSION = YES;
				CLANG_WARN_INT_CONVERSION = YES;
				CLANG_WARN_NON_LITERAL_NULL_CONVERSION = YES;
				CLANG_WARN_OBJC_LITERAL_CONVERSION = YES;
				CLANG_WARN_OBJC_ROOT_CLASS = YES_ERROR;
				CLANG_WARN_RANGE_LOOP_ANALYSIS = YES;
				CLANG_WARN_STRICT_PROTOTYPES = YES;
				CLANG_WARN_SUSPICIOUS_MOVE = YES;
				CLANG_WARN_UNGUARDED_AVAILABILITY = YES_AGGRESSIVE;
				CLANG_WARN_UNREACHABLE_CODE = YES;
				CLANG_WARN__DUPLICATE_METHOD_MATCH = YES;
				CODE_SIGN_IDENTITY = "iPhone Developer";
				COPY_PHASE_STRIP = NO;
				DEBUG_INFORMATION_FORMAT = dwarf;
				ENABLE_STRICT_OBJC_MSGSEND = YES;
				ENABLE_TESTABILITY = YES;
				GCC_C_LANGUAGE_STANDARD = gnu11;
				GCC_DYNAMIC_NO_PIC = NO;
				GCC_NO_COMMON_BLOCKS = YES;
				GCC_OPTIMIZATION_LEVEL = 0;
				GCC_PREPROCESSOR_DEFINITIONS = (
					"DEBUG=1",
					"$(inherited)",
				);
				GCC_WARN_64_TO_32_BIT_CONVERSION = YES;
				GCC_WARN_ABOUT_RETURN_TYPE = YES_ERROR;
				GCC_WARN_UNDECLARED_SELECTOR = YES;
				GCC_WARN_UNINITIALIZED_AUTOS = YES_AGGRESSIVE;
				GCC_WARN_UNUSED_FUNCTION = YES;
				GCC_WARN_UNUSED_VARIABLE = YES;
				IPHONEOS_DEPLOYMENT_TARGET = 11.0;
				MTL_ENABLE_DEBUG_INFO = YES;
				ONLY_ACTIVE_ARCH = YES;
				SDKROOT = iphoneos;
				SWIFT_ACTIVE_COMPILATION_CONDITIONS = DEBUG;
				SWIFT_OPTIMIZATION_LEVEL = "-Onone";
			};
			name = Debug;
		};
		FD4430BF1F81E1A500231B59 /* Release */ = {
			isa = XCBuildConfiguration;
			buildSettings = {
				ALWAYS_SEARCH_USER_PATHS = NO;
				CLANG_ANALYZER_NONNULL = YES;
				CLANG_ANALYZER_NUMBER_OBJECT_CONVERSION = YES_AGGRESSIVE;
				CLANG_CXX_LANGUAGE_STANDARD = "gnu++14";
				CLANG_CXX_LIBRARY = "libc++";
				CLANG_ENABLE_MODULES = YES;
				CLANG_ENABLE_OBJC_ARC = YES;
				CLANG_WARN_BLOCK_CAPTURE_AUTORELEASING = YES;
				CLANG_WARN_BOOL_CONVERSION = YES;
				CLANG_WARN_COMMA = YES;
				CLANG_WARN_CONSTANT_CONVERSION = YES;
				CLANG_WARN_DIRECT_OBJC_ISA_USAGE = YES_ERROR;
				CLANG_WARN_DOCUMENTATION_COMMENTS = YES;
				CLANG_WARN_EMPTY_BODY = YES;
				CLANG_WARN_ENUM_CONVERSION = YES;
				CLANG_WARN_INFINITE_RECURSION = YES;
				CLANG_WARN_INT_CONVERSION = YES;
				CLANG_WARN_NON_LITERAL_NULL_CONVERSION = YES;
				CLANG_WARN_OBJC_LITERAL_CONVERSION = YES;
				CLANG_WARN_OBJC_ROOT_CLASS = YES_ERROR;
				CLANG_WARN_RANGE_LOOP_ANALYSIS = YES;
				CLANG_WARN_STRICT_PROTOTYPES = YES;
				CLANG_WARN_SUSPICIOUS_MOVE = YES;
				CLANG_WARN_UNGUARDED_AVAILABILITY = YES_AGGRESSIVE;
				CLANG_WARN_UNREACHABLE_CODE = YES;
				CLANG_WARN__DUPLICATE_METHOD_MATCH = YES;
				CODE_SIGN_IDENTITY = "iPhone Developer";
				COPY_PHASE_STRIP = NO;
				DEBUG_INFORMATION_FORMAT = "dwarf-with-dsym";
				ENABLE_NS_ASSERTIONS = NO;
				ENABLE_STRICT_OBJC_MSGSEND = YES;
				GCC_C_LANGUAGE_STANDARD = gnu11;
				GCC_NO_COMMON_BLOCKS = YES;
				GCC_WARN_64_TO_32_BIT_CONVERSION = YES;
				GCC_WARN_ABOUT_RETURN_TYPE = YES_ERROR;
				GCC_WARN_UNDECLARED_SELECTOR = YES;
				GCC_WARN_UNINITIALIZED_AUTOS = YES_AGGRESSIVE;
				GCC_WARN_UNUSED_FUNCTION = YES;
				GCC_WARN_UNUSED_VARIABLE = YES;
				IPHONEOS_DEPLOYMENT_TARGET = 11.0;
				MTL_ENABLE_DEBUG_INFO = NO;
				SDKROOT = iphoneos;
				SWIFT_OPTIMIZATION_LEVEL = "-Owholemodule";
				VALIDATE_PRODUCT = YES;
			};
			name = Release;
		};
		FD4430C11F81E1A500231B59 /* Debug */ = {
			isa = XCBuildConfiguration;
			baseConfigurationReference = EA52B5462D9BDF293635A394 /* Pods-Tindro.debug.xcconfig */;
			buildSettings = {
				ASSETCATALOG_COMPILER_APPICON_NAME = AppIcon;
				CODE_SIGN_STYLE = Automatic;
				DEVELOPMENT_TEAM = KZC5853CN7;
				INFOPLIST_FILE = Tindro/Info.plist;
				LD_RUNPATH_SEARCH_PATHS = "$(inherited) @executable_path/Frameworks";
				PRODUCT_BUNDLE_IDENTIFIER = com.example.Tindro;
				PRODUCT_NAME = "$(TARGET_NAME)";
				SWIFT_VERSION = 3.0;
				TARGETED_DEVICE_FAMILY = "1,2";
			};
			name = Debug;
		};
		FD4430C21F81E1A500231B59 /* Release */ = {
			isa = XCBuildConfiguration;
			baseConfigurationReference = 91039EBA7228A329DCA2074F /* Pods-Tindro.release.xcconfig */;
			buildSettings = {
				ASSETCATALOG_COMPILER_APPICON_NAME = AppIcon;
				CODE_SIGN_STYLE = Automatic;
				DEVELOPMENT_TEAM = KZC5853CN7;
				INFOPLIST_FILE = Tindro/Info.plist;
				LD_RUNPATH_SEARCH_PATHS = "$(inherited) @executable_path/Frameworks";
				PRODUCT_BUNDLE_IDENTIFIER = com.example.Tindro;
				PRODUCT_NAME = "$(TARGET_NAME)";
				SWIFT_VERSION = 3.0;
				TARGETED_DEVICE_FAMILY = "1,2";
			};
			name = Release;
		};
/* End XCBuildConfiguration section */

/* Begin XCConfigurationList section */
		FD4430A61F81E1A500231B59 /* Build configuration list for PBXProject "Tindro" */ = {
			isa = XCConfigurationList;
			buildConfigurations = (
				FD4430BE1F81E1A500231B59 /* Debug */,
				FD4430BF1F81E1A500231B59 /* Release */,
			);
			defaultConfigurationIsVisible = 0;
			defaultConfigurationName = Release;
		};
		FD4430C01F81E1A500231B59 /* Build configuration list for PBXNativeTarget "Tindro" */ = {
			isa = XCConfigurationList;
			buildConfigurations = (
				FD4430C11F81E1A500231B59 /* Debug */,
				FD4430C21F81E1A500231B59 /* Release */,
			);
			defaultConfigurationIsVisible = 0;
			defaultConfigurationName = Release;
		};
/* End XCConfigurationList section */

/* Begin XCVersionGroup section */
		FD4430B51F81E1A500231B59 /* Tindro.xcdatamodeld */ = {
			isa = XCVersionGroup;
			children = (
				FD4430B61F81E1A500231B59 /* Tindro.xcdatamodel */,
			);
			currentVersion = FD4430B61F81E1A500231B59 /* Tindro.xcdatamodel */;
			path = Tindro.xcdatamodeld;
			sourceTree = "<group>";
			versionGroupType = wrapper.xcdatamodel;
		};
/* End XCVersionGroup section */
	};
	rootObject = FD4430A31F81E1A500231B59 /* Project object */;
}
